
Microsoft Visual Studio Solution File, Format Version 12.00
# Visual Studio Version 17
VisualStudioVersion = 17.2.32505.173
MinimumVisualStudioVersion = 10.0.40219.1
Project("{9A19103F-16F7-4668-BE54-9A1E7A4F7556}") = "BEMaterial", "BEMaterial.csproj", "{80BF7115-78B5-43AA-8E3B-25942DF09896}"
EndProject
Global
	GlobalSection(SolutionConfigurationPlatforms) = preSolution
		Debug|Any CPU = Debug|Any CPU
		Release|Any CPU = Release|Any CPU
	EndGlobalSection
	GlobalSection(ProjectConfigurationPlatforms) = postSolution
		{80BF7115-78B5-43AA-8E3B-25942DF09896}.Debug|Any CPU.ActiveCfg = Debug|Any CPU
		{80BF7115-78B5-43AA-8E3B-25942DF09896}.Debug|Any CPU.Build.0 = Debug|Any CPU
		{80BF7115-78B5-43AA-8E3B-25942DF09896}.Release|Any CPU.ActiveCfg = Release|Any CPU
		{80BF7115-78B5-43AA-8E3B-25942DF09896}.Release|Any CPU.Build.0 = Release|Any CPU
	EndGlobalSection
	GlobalSection(SolutionProperties) = preSolution
		HideSolutionNode = FALSE
	EndGlobalSection
	GlobalSection(ExtensibilityGlobals) = postSolution
		SolutionGuid = {4460C01C-DA3B-4EE0-89FE-F5A6DABE4F66}
	EndGlobalSection
EndGlobal
